
Microsoft Visual Studio Solution File, Format Version 11.00
# Visual Studio 2010
Project("{FAE04EC0-301F-11D3-BF4B-00C04F79EFBC}") = "Todo.KnockoutJS", "Todo.KnockoutJS\Todo.KnockoutJS.csproj", "{5D2DFD92-14E7-461A-832D-D930841992FB}"
EndProject
Project("{FAE04EC0-301F-11D3-BF4B-00C04F79EFBC}") = "Todo.BackboneJS", "Todo.BackboneJS\Todo.BackboneJS.csproj", "{154AE6C3-25A9-41E7-89C5-0FBD276BC351}"
EndProject
Project("{FAE04EC0-301F-11D3-BF4B-00C04F79EFBC}") = "Todo.AngularJS", "Todo.AngularJS\Todo.AngularJS.csproj", "{5049124D-A0B1-469C-9E19-0E471B62D353}"
EndProject
Project("{FAE04EC0-301F-11D3-BF4B-00C04F79EFBC}") = "Todo.EmberJS", "Todo.EmberJS\Todo.EmberJS.csproj", "{F092515E-7BFE-47B7-8CC3-C8AD38886F05}"
EndProject
Global
	GlobalSection(SolutionConfigurationPlatforms) = preSolution
		Debug|Any CPU = Debug|Any CPU
		Release|Any CPU = Release|Any CPU
	EndGlobalSection
	GlobalSection(ProjectConfigurationPlatforms) = postSolution
		{5D2DFD92-14E7-461A-832D-D930841992FB}.Debug|Any CPU.ActiveCfg = Debug|Any CPU
		{5D2DFD92-14E7-461A-832D-D930841992FB}.Debug|Any CPU.Build.0 = Debug|Any CPU
		{5D2DFD92-14E7-461A-832D-D930841992FB}.Release|Any CPU.ActiveCfg = Release|Any CPU
		{5D2DFD92-14E7-461A-832D-D930841992FB}.Release|Any CPU.Build.0 = Release|Any CPU
		{154AE6C3-25A9-41E7-89C5-0FBD276BC351}.Debug|Any CPU.ActiveCfg = Debug|Any CPU
		{154AE6C3-25A9-41E7-89C5-0FBD276BC351}.Debug|Any CPU.Build.0 = Debug|Any CPU
		{154AE6C3-25A9-41E7-89C5-0FBD276BC351}.Release|Any CPU.ActiveCfg = Release|Any CPU
		{154AE6C3-25A9-41E7-89C5-0FBD276BC351}.Release|Any CPU.Build.0 = Release|Any CPU
		{5049124D-A0B1-469C-9E19-0E471B62D353}.Debug|Any CPU.ActiveCfg = Debug|Any CPU
		{5049124D-A0B1-469C-9E19-0E471B62D353}.Debug|Any CPU.Build.0 = Debug|Any CPU
		{5049124D-A0B1-469C-9E19-0E471B62D353}.Release|Any CPU.ActiveCfg = Release|Any CPU
		{5049124D-A0B1-469C-9E19-0E471B62D353}.Release|Any CPU.Build.0 = Release|Any CPU
		{F092515E-7BFE-47B7-8CC3-C8AD38886F05}.Debug|Any CPU.ActiveCfg = Debug|Any CPU
		{F092515E-7BFE-47B7-8CC3-C8AD38886F05}.Debug|Any CPU.Build.0 = Debug|Any CPU
		{F092515E-7BFE-47B7-8CC3-C8AD38886F05}.Release|Any CPU.ActiveCfg = Release|Any CPU
		{F092515E-7BFE-47B7-8CC3-C8AD38886F05}.Release|Any CPU.Build.0 = Release|Any CPU
	EndGlobalSection
	GlobalSection(SolutionProperties) = preSolution
		HideSolutionNode = FALSE
	EndGlobalSection
EndGlobal
